
Microsoft Visual Studio Solution File, Format Version 12.00
# Visual Studio Version 16
VisualStudioVersion = 16.0.29613.14
MinimumVisualStudioVersion = 10.0.40219.1
Project("{FAE04EC0-301F-11D3-BF4B-00C04F79EFBC}") = "OTP.Service", "OTPService\OTP.Service.csproj", "{FF8BA9FB-03ED-4929-8E1E-B2F755BD8F9F}"
EndProject
Project("{FAE04EC0-301F-11D3-BF4B-00C04F79EFBC}") = "OTP.Web", "OTP.Web\OTP.Web.csproj", "{934F93BD-91DD-402D-87EF-A796F5BDD2E5}"
EndProject
Project("{FAE04EC0-301F-11D3-BF4B-00C04F79EFBC}") = "OTP.Core", "OTP.Core\OTP.Core.csproj", "{AB845C60-1E3F-4BA1-9355-5677EA84E99A}"
EndProject
Global
	GlobalSection(SolutionConfigurationPlatforms) = preSolution
		Debug|Any CPU = Debug|Any CPU
		Release|Any CPU = Release|Any CPU
	EndGlobalSection
	GlobalSection(ProjectConfigurationPlatforms) = postSolution
		{FF8BA9FB-03ED-4929-8E1E-B2F755BD8F9F}.Debug|Any CPU.ActiveCfg = Debug|Any CPU
		{FF8BA9FB-03ED-4929-8E1E-B2F755BD8F9F}.Debug|Any CPU.Build.0 = Debug|Any CPU
		{FF8BA9FB-03ED-4929-8E1E-B2F755BD8F9F}.Release|Any CPU.ActiveCfg = Release|Any CPU
		{FF8BA9FB-03ED-4929-8E1E-B2F755BD8F9F}.Release|Any CPU.Build.0 = Release|Any CPU
		{934F93BD-91DD-402D-87EF-A796F5BDD2E5}.Debug|Any CPU.ActiveCfg = Debug|Any CPU
		{934F93BD-91DD-402D-87EF-A796F5BDD2E5}.Debug|Any CPU.Build.0 = Debug|Any CPU
		{934F93BD-91DD-402D-87EF-A796F5BDD2E5}.Release|Any CPU.ActiveCfg = Release|Any CPU
		{934F93BD-91DD-402D-87EF-A796F5BDD2E5}.Release|Any CPU.Build.0 = Release|Any CPU
		{AB845C60-1E3F-4BA1-9355-5677EA84E99A}.Debug|Any CPU.ActiveCfg = Debug|Any CPU
		{AB845C60-1E3F-4BA1-9355-5677EA84E99A}.Debug|Any CPU.Build.0 = Debug|Any CPU
		{AB845C60-1E3F-4BA1-9355-5677EA84E99A}.Release|Any CPU.ActiveCfg = Release|Any CPU
		{AB845C60-1E3F-4BA1-9355-5677EA84E99A}.Release|Any CPU.Build.0 = Release|Any CPU
	EndGlobalSection
	GlobalSection(SolutionProperties) = preSolution
		HideSolutionNode = FALSE
	EndGlobalSection
	GlobalSection(ExtensibilityGlobals) = postSolution
		SolutionGuid = {F7B8D904-7FB1-43C4-864A-30B9D999F717}
	EndGlobalSection
EndGlobal
